
Microsoft Visual Studio Solution File, Format Version 12.00
# Visual Studio Version 17
VisualStudioVersion = 17.4.33213.308
MinimumVisualStudioVersion = 10.0.40219.1
Project("{FAE04EC0-301F-11D3-BF4B-00C04F79EFBC}") = "PegasusWebAPITutorial", "PegasusWebAPITutorial\PegasusWebAPITutorial.csproj", "{06270FB9-CB5C-4056-8C20-1DB308B068C7}"
EndProject
Global
	GlobalSection(SolutionConfigurationPlatforms) = preSolution
		Debug|Any CPU = Debug|Any CPU
		Release|Any CPU = Release|Any CPU
	EndGlobalSection
	GlobalSection(ProjectConfigurationPlatforms) = postSolution
		{06270FB9-CB5C-4056-8C20-1DB308B068C7}.Debug|Any CPU.ActiveCfg = Debug|Any CPU
		{06270FB9-CB5C-4056-8C20-1DB308B068C7}.Debug|Any CPU.Build.0 = Debug|Any CPU
		{06270FB9-CB5C-4056-8C20-1DB308B068C7}.Release|Any CPU.ActiveCfg = Release|Any CPU
		{06270FB9-CB5C-4056-8C20-1DB308B068C7}.Release|Any CPU.Build.0 = Release|Any CPU
	EndGlobalSection
	GlobalSection(SolutionProperties) = preSolution
		HideSolutionNode = FALSE
	EndGlobalSection
	GlobalSection(ExtensibilityGlobals) = postSolution
		SolutionGuid = {57B7E0D5-DCEC-49C1-B999-2C9E11D70026}
	EndGlobalSection
EndGlobal
